{
  "name": "construct3-launcher",
  "version": "1.0.2",
  "lockfileVersion": 2,
  "requires": true,
  "packages": {
    "": {
      "name": "construct3-launcher",
      "version": "1.0.2",
      "dependencies": {
        "electron-squirrel-startup": "^1.0.0"
      },
      "devDependencies": {
        "electron": "21.4.0",
        "electron-builder": "^24.13.3"
      }
    },
    "node_modules/electron": {
      "version": "21.4.0",
      "dev": true,
      "hasInstallScript": true,
      "license": "MIT"
    },
    "node_modules/electron-builder": {
      "version": "24.13.3",
      "dev": true,
      "license": "MIT"
    },
    "node_modules/electron-squirrel-startup": {
      "version": "1.0.0",
      "license": "MIT"
    }
  }
}
